PODS:
  - Flutter (1.0.0)
  - flutter_boost (0.0.2):
    - Flutter
  - FlutterPluginRegistrant (0.0.1):
    - Flutter
    - flutter_boost
    - package_info_plus
    - sentry_flutter
  - mymodule (0.0.1):
    - Flutter
  - package_info_plus (0.4.5):
    - Flutter
  - Sentry (7.10.2):
    - Sentry/Core (= 7.10.2)
  - Sentry/Core (7.10.2)
  - sentry_flutter (0.0.1):
    - Flutter
    - FlutterMacOS
    - Sentry (~> 7.10.1)
  - SnapKit (5.0.1)

DEPENDENCIES:
  - Flutter (from `../mymodule/.ios/Flutter/engine`)
  - flutter_boost (from `../mymodule/.ios/.symlinks/plugins/flutter_boost/ios`)
  - FlutterPluginRegistrant (from `../mymodule/.ios/Flutter/FlutterPluginRegistrant`)
  - mymodule (from `../mymodule/.ios/Flutter`)
  - package_info_plus (from `../mymodule/.ios/.symlinks/plugins/package_info_plus/ios`)
  - sentry_flutter (from `../mymodule/.ios/.symlinks/plugins/sentry_flutter/ios`)
  - SnapKit

SPEC REPOS:
  trunk:
    - Sentry
    - SnapKit

EXTERNAL SOURCES:
  Flutter:
    :path: "../mymodule/.ios/Flutter/engine"
  flutter_boost:
    :path: "../mymodule/.ios/.symlinks/plugins/flutter_boost/ios"
  FlutterPluginRegistrant:
    :path: "../mymodule/.ios/Flutter/FlutterPluginRegistrant"
  mymodule:
    :path: "../mymodule/.ios/Flutter"
  package_info_plus:
    :path: "../mymodule/.ios/.symlinks/plugins/package_info_plus/ios"
  sentry_flutter:
    :path: "../mymodule/.ios/.symlinks/plugins/sentry_flutter/ios"

SPEC CHECKSUMS:
  Flutter: bdfa2e8fe0e2880a2c6a58a0b1a8675c262a07af
  flutter_boost: 6a73c54e5654df180c2cc379045b8cba9746fc8a
  FlutterPluginRegistrant: 31bc460d053ff41d02bb3f1fa49f8fbd08a868be
  mymodule: 2580aed9157ed1df6b842e7f4cf5bb843ec59311
  package_info_plus: 6c92f08e1f853dc01228d6f553146438dafcd14e
  Sentry: 7bf9bfe713692cf87812e55f0999260494ba7982
  sentry_flutter: 77ccdac346608b8ce7e428e7284e7a3e4e7f4a02
  SnapKit: 97b92857e3df3a0c71833cce143274bf6ef8e5eb

PODFILE CHECKSUM: 65bf144dd867fe700f5f0a56ecb1451dcfd357de

COCOAPODS: 1.11.2
